<?xml version="1.0" encoding="utf-8"?>
<Project ToolsVersion="16.0" xmlns="http://schemas.microsoft.com/developer/msbuild/2003">
  <ItemGroup>
    <ClCompile Include="E:\AppClassification\build\CloudClassifier_autogen\mocs_compilation_Debug.cpp">
      <Filter>Source Files</Filter>
    </ClCompile>
    <ClCompile Include="E:\AppClassification\src\main.cpp">
      <Filter>Source Files</Filter>
    </ClCompile>
    <ClCompile Include="E:\AppClassification\src\mainwindow.cpp">
      <Filter>Source Files</Filter>
    </ClCompile>
    <ClCompile Include="E:\AppClassification\src\ccviewer3d.cpp">
      <Filter>Source Files</Filter>
    </ClCompile>
    <ClCompile Include="E:\AppClassification\src\Classifier.cpp">
      <Filter>Source Files</Filter>
    </ClCompile>
    <ClCompile Include="E:\AppClassification\src\Analysis.cpp">
      <Filter>Source Files</Filter>
    </ClCompile>
    <ClCompile Include="E:\AppClassification\src\FeatureManager.cpp">
      <Filter>Source Files</Filter>
    </ClCompile>
    <ClCompile Include="E:\AppClassification\src\Input.cpp">
      <Filter>Source Files</Filter>
    </ClCompile>
    <ClCompile Include="E:\AppClassification\src\LabelManager.cpp">
      <Filter>Source Files</Filter>
    </ClCompile>
    <ClCompile Include="E:\AppClassification\src\LabelView.cpp">
      <Filter>Source Files</Filter>
    </ClCompile>
    <ClCompile Include="E:\AppClassification\src\FeatureView.cpp">
      <Filter>Source Files</Filter>
    </ClCompile>
    <ClCompile Include="E:\AppClassification\src\EffectView.cpp">
      <Filter>Source Files</Filter>
    </ClCompile>
    <ClCompile Include="E:\AppClassification\src\LabelController.cpp">
      <Filter>Source Files</Filter>
    </ClCompile>
    <ClCompile Include="E:\AppClassification\src\FeatureController.cpp">
      <Filter>Source Files</Filter>
    </ClCompile>
    <ClCompile Include="E:\AppClassification\src\EffectController.cpp">
      <Filter>Source Files</Filter>
    </ClCompile>
    <ClCompile Include="E:\AppClassification\src\ClassificationModel.cpp">
      <Filter>Source Files</Filter>
    </ClCompile>
    <ClCompile Include="E:\AppClassification\src\RunPopup.cpp">
      <Filter>Source Files</Filter>
    </ClCompile>
    <ClCompile Include="E:\AppClassification\src\WProgressDialog.cpp">
      <Filter>Source Files</Filter>
    </ClCompile>
    <ClCompile Include="E:\AppClassification\src\TrainView.cpp">
      <Filter>Source Files</Filter>
    </ClCompile>
    <ClCompile Include="E:\AppClassification\src\TrainController.cpp">
      <Filter>Source Files</Filter>
    </ClCompile>
    <ClCompile Include="E:\AppClassification\src\TrainModel.cpp">
      <Filter>Source Files</Filter>
    </ClCompile>
    <ClCompile Include="E:\AppClassification\src\BinaryCheck.cpp">
      <Filter>Source Files</Filter>
    </ClCompile>
    <ClCompile Include="E:\AppClassification\src\Console.cpp">
      <Filter>Source Files</Filter>
    </ClCompile>
    <ClCompile Include="E:\AppClassification\src\DeepLearningView.cpp">
      <Filter>Source Files</Filter>
    </ClCompile>
    <ClCompile Include="E:\AppClassification\src\Process.cpp">
      <Filter>Source Files</Filter>
    </ClCompile>
    <ClCompile Include="E:\AppClassification\build\qrc_resources.cpp">
      <Filter>Source Files</Filter>
    </ClCompile>
    <ClCompile Include="E:\AppClassification\build\qrc_icones.cpp">
      <Filter>Source Files</Filter>
    </ClCompile>
    <ClCompile Include="E:\AppClassification\build\CloudClassifier_autogen\mocs_compilation_Release.cpp">
      <Filter>Source Files</Filter>
    </ClCompile>
    <ClCompile Include="E:\AppClassification\build\CloudClassifier_autogen\mocs_compilation_MinSizeRel.cpp">
      <Filter>Source Files</Filter>
    </ClCompile>
    <ClCompile Include="E:\AppClassification\build\CloudClassifier_autogen\mocs_compilation_RelWithDebInfo.cpp">
      <Filter>Source Files</Filter>
    </ClCompile>
  </ItemGroup>
  <ItemGroup>
    <ClInclude Include="E:\AppClassification\src\mainwindow.h">
      <Filter>Header Files</Filter>
    </ClInclude>
    <ClInclude Include="E:\AppClassification\src\ccviewer3d.h">
      <Filter>Header Files</Filter>
    </ClInclude>
    <ClInclude Include="E:\AppClassification\src\Classifier.h">
      <Filter>Header Files</Filter>
    </ClInclude>
    <ClInclude Include="E:\AppClassification\src\Analysis.h">
      <Filter>Header Files</Filter>
    </ClInclude>
    <ClInclude Include="E:\AppClassification\src\FeatureManager.h">
      <Filter>Header Files</Filter>
    </ClInclude>
    <ClInclude Include="E:\AppClassification\src\Input.h">
      <Filter>Header Files</Filter>
    </ClInclude>
    <ClInclude Include="E:\AppClassification\src\LabelManager.h">
      <Filter>Header Files</Filter>
    </ClInclude>
    <ClInclude Include="E:\AppClassification\src\EffectGroup.h">
      <Filter>Header Files</Filter>
    </ClInclude>
    <ClInclude Include="E:\AppClassification\src\WeightGroup.h">
      <Filter>Header Files</Filter>
    </ClInclude>
    <ClInclude Include="E:\AppClassification\src\LabelView.h">
      <Filter>Header Files</Filter>
    </ClInclude>
    <ClInclude Include="E:\AppClassification\src\FeatureView.h">
      <Filter>Header Files</Filter>
    </ClInclude>
    <ClInclude Include="E:\AppClassification\src\EffectView.h">
      <Filter>Header Files</Filter>
    </ClInclude>
    <ClInclude Include="E:\AppClassification\src\LabelController.h">
      <Filter>Header Files</Filter>
    </ClInclude>
    <ClInclude Include="E:\AppClassification\src\FeatureController.h">
      <Filter>Header Files</Filter>
    </ClInclude>
    <ClInclude Include="E:\AppClassification\src\EffectController.h">
      <Filter>Header Files</Filter>
    </ClInclude>
    <ClInclude Include="E:\AppClassification\src\ClassificationModel.h">
      <Filter>Header Files</Filter>
    </ClInclude>
    <ClInclude Include="E:\AppClassification\src\RunPopup.h">
      <Filter>Header Files</Filter>
    </ClInclude>
    <ClInclude Include="E:\AppClassification\src\WProgressDialog.h">
      <Filter>Header Files</Filter>
    </ClInclude>
    <ClInclude Include="E:\AppClassification\src\TrainView.h">
      <Filter>Header Files</Filter>
    </ClInclude>
    <ClInclude Include="E:\AppClassification\src\TrainController.h">
      <Filter>Header Files</Filter>
    </ClInclude>
    <ClInclude Include="E:\AppClassification\src\TrainModel.h">
      <Filter>Header Files</Filter>
    </ClInclude>
    <ClInclude Include="E:\AppClassification\src\BinaryCheck.h">
      <Filter>Header Files</Filter>
    </ClInclude>
    <ClInclude Include="E:\AppClassification\src\ControllerGroup.h">
      <Filter>Header Files</Filter>
    </ClInclude>
    <ClInclude Include="E:\AppClassification\src\Console.h">
      <Filter>Header Files</Filter>
    </ClInclude>
    <ClInclude Include="E:\AppClassification\src\DeepLearningView.h">
      <Filter>Header Files</Filter>
    </ClInclude>
    <ClInclude Include="E:\AppClassification\src\Process.h">
      <Filter>Header Files</Filter>
    </ClInclude>
  </ItemGroup>
  <ItemGroup>
    <CustomBuild Include="E:\AppClassification\res\resources.qrc" />
    <CustomBuild Include="E:\AppClassification\res\icones.qrc" />
    <CustomBuild Include="E:\AppClassification\CMakeLists.txt" />
  </ItemGroup>
  <ItemGroup>
    <None Include="E:\AppClassification\src\mainwindow.ui" />
  </ItemGroup>
  <ItemGroup>
    <Filter Include="Header Files">
      <UniqueIdentifier>{79C936C7-127F-3346-872F-2FF5F4403BDB}</UniqueIdentifier>
    </Filter>
    <Filter Include="Source Files">
      <UniqueIdentifier>{2D8F5144-8C92-3BEF-9DD9-1A66FC51E5C0}</UniqueIdentifier>
    </Filter>
  </ItemGroup>
</Project>
